
Microsoft Visual Studio Solution File, Format Version 12.00
# Visual Studio 2013
VisualStudioVersion = 12.0.30723.0
MinimumVisualStudioVersion = 10.0.40219.1
Project("{FAE04EC0-301F-11D3-BF4B-00C04F79EFBC}") = "testproj", "testproj\testproj.csproj", "{286AD4E5-A66E-4B52-B95B-B2C48D289459}"
EndProject
Project("{FAE04EC0-301F-11D3-BF4B-00C04F79EFBC}") = "ProtocolBuffers.NET35", "ProtocolBuffers\ProtocolBuffers.NET35.csproj", "{6908BDCE-D925-43F3-94AC-A531E6DF2591}"
EndProject
Global
	GlobalSection(SolutionConfigurationPlatforms) = preSolution
		Debug|Any CPU = Debug|Any CPU
		Release|Any CPU = Release|Any CPU
	EndGlobalSection
	GlobalSection(ProjectConfigurationPlatforms) = postSolution
		{286AD4E5-A66E-4B52-B95B-B2C48D289459}.Debug|Any CPU.ActiveCfg = Debug|Any CPU
		{286AD4E5-A66E-4B52-B95B-B2C48D289459}.Debug|Any CPU.Build.0 = Debug|Any CPU
		{286AD4E5-A66E-4B52-B95B-B2C48D289459}.Release|Any CPU.ActiveCfg = Release|Any CPU
		{286AD4E5-A66E-4B52-B95B-B2C48D289459}.Release|Any CPU.Build.0 = Release|Any CPU
		{6908BDCE-D925-43F3-94AC-A531E6DF2591}.Debug|Any CPU.ActiveCfg = Debug|Any CPU
		{6908BDCE-D925-43F3-94AC-A531E6DF2591}.Debug|Any CPU.Build.0 = Debug|Any CPU
		{6908BDCE-D925-43F3-94AC-A531E6DF2591}.Release|Any CPU.ActiveCfg = Release|Any CPU
		{6908BDCE-D925-43F3-94AC-A531E6DF2591}.Release|Any CPU.Build.0 = Release|Any CPU
	EndGlobalSection
	GlobalSection(SolutionProperties) = preSolution
		HideSolutionNode = FALSE
	EndGlobalSection
EndGlobal
